
Microsoft Visual Studio Solution File, Format Version 12.00
# Visual Studio Version 16
VisualStudioVersion = 16.0.30804.86
MinimumVisualStudioVersion = 10.0.40219.1
Project("{FAE04EC0-301F-11D3-BF4B-00C04F79EFBC}") = "CalculoJuros.ApiTaxaJuros", "CalculoJuros.ApiTaxaJuros\CalculoJuros.ApiTaxaJuros.csproj", "{410DA9A5-1D2E-4BB0-BD29-EEAE3AD52167}"
EndProject
Project("{FAE04EC0-301F-11D3-BF4B-00C04F79EFBC}") = "CalculoJuros.Core", "CalculoJuros.Core\CalculoJuros.Core.csproj", "{27A30DCD-3084-47A3-9724-3ABE813B8573}"
EndProject
Project("{FAE04EC0-301F-11D3-BF4B-00C04F79EFBC}") = "CalculoJuros.ApiCalculaJuros", "CalculoJuros.ApiCalculaJuros\CalculoJuros.ApiCalculaJuros.csproj", "{298E80AB-6F34-4228-AA95-51503D43E754}"
EndProject
Project("{FAE04EC0-301F-11D3-BF4B-00C04F79EFBC}") = "CalculoJuros.UnitTests", "CalculoJuros.UnitTests\CalculoJuros.UnitTests.csproj", "{D30D2D6A-C285-4CA5-8A7B-31946E761865}"
EndProject
Global
	GlobalSection(SolutionConfigurationPlatforms) = preSolution
		Debug|Any CPU = Debug|Any CPU
		Release|Any CPU = Release|Any CPU
	EndGlobalSection
	GlobalSection(ProjectConfigurationPlatforms) = postSolution
		{410DA9A5-1D2E-4BB0-BD29-EEAE3AD52167}.Debug|Any CPU.ActiveCfg = Debug|Any CPU
		{410DA9A5-1D2E-4BB0-BD29-EEAE3AD52167}.Debug|Any CPU.Build.0 = Debug|Any CPU
		{410DA9A5-1D2E-4BB0-BD29-EEAE3AD52167}.Release|Any CPU.ActiveCfg = Release|Any CPU
		{410DA9A5-1D2E-4BB0-BD29-EEAE3AD52167}.Release|Any CPU.Build.0 = Release|Any CPU
		{27A30DCD-3084-47A3-9724-3ABE813B8573}.Debug|Any CPU.ActiveCfg = Debug|Any CPU
		{27A30DCD-3084-47A3-9724-3ABE813B8573}.Debug|Any CPU.Build.0 = Debug|Any CPU
		{27A30DCD-3084-47A3-9724-3ABE813B8573}.Release|Any CPU.ActiveCfg = Release|Any CPU
		{27A30DCD-3084-47A3-9724-3ABE813B8573}.Release|Any CPU.Build.0 = Release|Any CPU
		{298E80AB-6F34-4228-AA95-51503D43E754}.Debug|Any CPU.ActiveCfg = Debug|Any CPU
		{298E80AB-6F34-4228-AA95-51503D43E754}.Debug|Any CPU.Build.0 = Debug|Any CPU
		{298E80AB-6F34-4228-AA95-51503D43E754}.Release|Any CPU.ActiveCfg = Release|Any CPU
		{298E80AB-6F34-4228-AA95-51503D43E754}.Release|Any CPU.Build.0 = Release|Any CPU
		{D30D2D6A-C285-4CA5-8A7B-31946E761865}.Debug|Any CPU.ActiveCfg = Debug|Any CPU
		{D30D2D6A-C285-4CA5-8A7B-31946E761865}.Debug|Any CPU.Build.0 = Debug|Any CPU
		{D30D2D6A-C285-4CA5-8A7B-31946E761865}.Release|Any CPU.ActiveCfg = Release|Any CPU
		{D30D2D6A-C285-4CA5-8A7B-31946E761865}.Release|Any CPU.Build.0 = Release|Any CPU
	EndGlobalSection
	GlobalSection(SolutionProperties) = preSolution
		HideSolutionNode = FALSE
	EndGlobalSection
	GlobalSection(ExtensibilityGlobals) = postSolution
		SolutionGuid = {CDA779DC-F8D4-412F-8713-89980D7A43C6}
	EndGlobalSection
EndGlobal
